
Microsoft Visual Studio Solution File, Format Version 12.00
# Visual Studio Version 16
VisualStudioVersion = 16.0.32901.82
MinimumVisualStudioVersion = 10.0.40219.1
Project("{FAE04EC0-301F-11D3-BF4B-00C04F79EFBC}") = "BookClub", "BookClub\BookClub.csproj", "{9C55B160-592D-429D-B31C-CC78A5C96723}"
EndProject
Global
	GlobalSection(SolutionConfigurationPlatforms) = preSolution
		Debug|Any CPU = Debug|Any CPU
		Release|Any CPU = Release|Any CPU
	EndGlobalSection
	GlobalSection(ProjectConfigurationPlatforms) = postSolution
		{9C55B160-592D-429D-B31C-CC78A5C96723}.Debug|Any CPU.ActiveCfg = Debug|Any CPU
		{9C55B160-592D-429D-B31C-CC78A5C96723}.Debug|Any CPU.Build.0 = Debug|Any CPU
		{9C55B160-592D-429D-B31C-CC78A5C96723}.Release|Any CPU.ActiveCfg = Release|Any CPU
		{9C55B160-592D-429D-B31C-CC78A5C96723}.Release|Any CPU.Build.0 = Release|Any CPU
	EndGlobalSection
	GlobalSection(SolutionProperties) = preSolution
		HideSolutionNode = FALSE
	EndGlobalSection
	GlobalSection(ExtensibilityGlobals) = postSolution
		SolutionGuid = {C856133D-6AE3-4E59-A294-331824485A60}
	EndGlobalSection
EndGlobal
