
Microsoft Visual Studio Solution File, Format Version 12.00
# Visual Studio Version 16
VisualStudioVersion = 16.0.32901.82
MinimumVisualStudioVersion = 10.0.40219.1
Project("{FAE04EC0-301F-11D3-BF4B-00C04F79EFBC}") = "emamBookClub", "emamBookClub\emamBookClub.csproj", "{17B3A4A9-732C-4C46-8A98-B73069091424}"
EndProject
Global
	GlobalSection(SolutionConfigurationPlatforms) = preSolution
		Debug|Any CPU = Debug|Any CPU
		Release|Any CPU = Release|Any CPU
	EndGlobalSection
	GlobalSection(ProjectConfigurationPlatforms) = postSolution
		{17B3A4A9-732C-4C46-8A98-B73069091424}.Debug|Any CPU.ActiveCfg = Debug|Any CPU
		{17B3A4A9-732C-4C46-8A98-B73069091424}.Debug|Any CPU.Build.0 = Debug|Any CPU
		{17B3A4A9-732C-4C46-8A98-B73069091424}.Release|Any CPU.ActiveCfg = Release|Any CPU
		{17B3A4A9-732C-4C46-8A98-B73069091424}.Release|Any CPU.Build.0 = Release|Any CPU
	EndGlobalSection
	GlobalSection(SolutionProperties) = preSolution
		HideSolutionNode = FALSE
	EndGlobalSection
	GlobalSection(ExtensibilityGlobals) = postSolution
		SolutionGuid = {7AAE60A6-7793-4C73-AFB5-2DE623155798}
	EndGlobalSection
EndGlobal
